// !$*UTF8*$!
{
	archiveVersion = 1;
	classes = {
	};
	objectVersion = 56;
	objects = {

/* Begin PBXBuildFile section */
		B2DF54B729D3176B00485E61 /* GitHubAction.swift in Sources */ = {isa = PBXBuildFile; fileRef = B2DF54B629D3176B00485E61 /* GitHubAction.swift */; };
		B2DF54B929D3176B00485E61 /* ContentView.swift in Sources */ = {isa = PBXBuildFile; fileRef = B2DF54B829D3176B00485E61 /* ContentView.swift */; };
		B2DF54BB29D3176B00485E61 /* Assets.xcassets in Resources */ = {isa = PBXBuildFile; fileRef = B2DF54BA29D3176B00485E61 /* Assets.xcassets */; };
		B2DF54BE29D3176B00485E61 /* Preview Assets.xcassets in Resources */ = {isa = PBXBuildFile; fileRef = B2DF54BD29D3176B00485E61 /* Preview Assets.xcassets */; };
		B2DF54C829D31D3A00485E61 /* LottieView.swift in Sources */ = {isa = PBXBuildFile; fileRef = B2DF54C729D31D3A00485E61 /* LottieView.swift */; };
		B2DF54CA29D3210100485E61 /* github_icon.json in Resources */ = {isa = PBXBuildFile; fileRef = B2DF54C929D3210100485E61 /* github_icon.json */; };
		DDB3355447326684ED3E31CC /* Pods_GitHub_Action.framework in Frameworks */ = {isa = PBXBuildFile; fileRef = EF50AB7D117378141D7EAED2 /* Pods_GitHub_Action.framework */; };
/* End PBXBuildFile section */

/* Begin PBXFileReference section */
		1F80FCC7911B7FEACEA9811E /* Pods-GitHub Action.debug.xcconfig */ = {isa = PBXFileReference; includeInIndex = 1; lastKnownFileType = text.xcconfig; name = "Pods-GitHub Action.debug.xcconfig"; path = "Target Support Files/Pods-GitHub Action/Pods-GitHub Action.debug.xcconfig"; sourceTree = "<group>"; };
		596C746985E025D3E4C81C3E /* Pods-GitHub Action.release.xcconfig */ = {isa = PBXFileReference; includeInIndex = 1; lastKnownFileType = text.xcconfig; name = "Pods-GitHub Action.release.xcconfig"; path = "Target Support Files/Pods-GitHub Action/Pods-GitHub Action.release.xcconfig"; sourceTree = "<group>"; };
		B2DF54B329D3176B00485E61 /* GitHub Action.app */ = {isa = PBXFileReference; explicitFileType = wrapper.application; includeInIndex = 0; path = "GitHub Action.app"; sourceTree = BUILT_PRODUCTS_DIR; };
		B2DF54B629D3176B00485E61 /* GitHubAction.swift */ = {isa = PBXFileReference; lastKnownFileType = sourcecode.swift; path = GitHubAction.swift; sourceTree = "<group>"; };
		B2DF54B829D3176B00485E61 /* ContentView.swift */ = {isa = PBXFileReference; lastKnownFileType = sourcecode.swift; path = ContentView.swift; sourceTree = "<group>"; };
		B2DF54BA29D3176B00485E61 /* Assets.xcassets */ = {isa = PBXFileReference; lastKnownFileType = folder.assetcatalog; path = Assets.xcassets; sourceTree = "<group>"; };
		B2DF54BD29D3176B00485E61 /* Preview Assets.xcassets */ = {isa = PBXFileReference; lastKnownFileType = folder.assetcatalog; path = "Preview Assets.xcassets"; sourceTree = "<group>"; };
		B2DF54C729D31D3A00485E61 /* LottieView.swift */ = {isa = PBXFileReference; fileEncoding = 4; lastKnownFileType = sourcecode.swift; path = LottieView.swift; sourceTree = "<group>"; };
		B2DF54C929D3210100485E61 /* github_icon.json */ = {isa = PBXFileReference; fileEncoding = 4; lastKnownFileType = text.json; path = github_icon.json; sourceTree = "<group>"; };
		EF50AB7D117378141D7EAED2 /* Pods_GitHub_Action.framework */ = {isa = PBXFileReference; explicitFileType = wrapper.framework; includeInIndex = 0; path = Pods_GitHub_Action.framework; sourceTree = BUILT_PRODUCTS_DIR; };
/* End PBXFileReference section */

/* Begin PBXFrameworksBuildPhase section */
		B2DF54B029D3176B00485E61 /* Frameworks */ = {
			isa = PBXFrameworksBuildPhase;
			buildActionMask = 2147483647;
			files = (
				DDB3355447326684ED3E31CC /* Pods_GitHub_Action.framework in Frameworks */,
			);
			runOnlyForDeploymentPostprocessing = 0;
		};
/* End PBXFrameworksBuildPhase section */

/* Begin PBXGroup section */
		53194DF0E595DB4B4BED9633 /* Pods */ = {
			isa = PBXGroup;
			children = (
				1F80FCC7911B7FEACEA9811E /* Pods-GitHub Action.debug.xcconfig */,
				596C746985E025D3E4C81C3E /* Pods-GitHub Action.release.xcconfig */,
			);
			path = Pods;
			sourceTree = "<group>";
		};
		7AB73AF830A22642F70C73A2 /* Frameworks */ = {
			isa = PBXGroup;
			children = (
				EF50AB7D117378141D7EAED2 /* Pods_GitHub_Action.framework */,
			);
			name = Frameworks;
			sourceTree = "<group>";
		};
		B2DF54AA29D3176A00485E61 = {
			isa = PBXGroup;
			children = (
				B2DF54B529D3176B00485E61 /* GitHub Action */,
				B2DF54B429D3176B00485E61 /* Products */,
				53194DF0E595DB4B4BED9633 /* Pods */,
				7AB73AF830A22642F70C73A2 /* Frameworks */,
			);
			sourceTree = "<group>";
		};
		B2DF54B429D3176B00485E61 /* Products */ = {
			isa = PBXGroup;
			children = (
				B2DF54B329D3176B00485E61 /* GitHub Action.app */,
			);
			name = Products;
			sourceTree = "<group>";
		};
		B2DF54B529D3176B00485E61 /* GitHub Action */ = {
			isa = PBXGroup;
			children = (
				B2DF54C629D31D3A00485E61 /* LottieView */,
				B2DF54B629D3176B00485E61 /* GitHubAction.swift */,
				B2DF54B829D3176B00485E61 /* ContentView.swift */,
				B2DF54C929D3210100485E61 /* github_icon.json */,
				B2DF54BA29D3176B00485E61 /* Assets.xcassets */,
				B2DF54BC29D3176B00485E61 /* Preview Content */,
			);
			path = "GitHub Action";
			sourceTree = "<group>";
		};
		B2DF54BC29D3176B00485E61 /* Preview Content */ = {
			isa = PBXGroup;
			children = (
				B2DF54BD29D3176B00485E61 /* Preview Assets.xcassets */,
			);
			path = "Preview Content";
			sourceTree = "<group>";
		};
		B2DF54C629D31D3A00485E61 /* LottieView */ = {
			isa = PBXGroup;
			children = (
				B2DF54C729D31D3A00485E61 /* LottieView.swift */,
			);
			path = LottieView;
			sourceTree = "<group>";
		};
/* End PBXGroup section */

/* Begin PBXNativeTarget section */
		B2DF54B229D3176B00485E61 /* GitHub Action */ = {
			isa = PBXNativeTarget;
			buildConfigurationList = B2DF54C129D3176B00485E61 /* Build configuration list for PBXNativeTarget "GitHub Action" */;
			buildPhases = (
				05A75008F481BE399EEAC98E /* [CP] Check Pods Manifest.lock */,
				B2DF54AF29D3176B00485E61 /* Sources */,
				B2DF54B029D3176B00485E61 /* Frameworks */,
				B2DF54B129D3176B00485E61 /* Resources */,
				639478882CC7D6060D230725 /* [CP] Embed Pods Frameworks */,
			);
			buildRules = (
			);
			dependencies = (
			);
			name = "GitHub Action";
			productName = "GitHub Action";
			productReference = B2DF54B329D3176B00485E61 /* GitHub Action.app */;
			productType = "com.apple.product-type.application";
		};
/* End PBXNativeTarget section */

/* Begin PBXProject section */
		B2DF54AB29D3176A00485E61 /* Project object */ = {
			isa = PBXProject;
			attributes = {
				BuildIndependentTargetsInParallel = 1;
				LastSwiftUpdateCheck = 1420;
				LastUpgradeCheck = 1420;
				TargetAttributes = {
					B2DF54B229D3176B00485E61 = {
						CreatedOnToolsVersion = 14.2;
					};
				};
			};
			buildConfigurationList = B2DF54AE29D3176B00485E61 /* Build configuration list for PBXProject "GitHub Action" */;
			compatibilityVersion = "Xcode 14.0";
			developmentRegion = en;
			hasScannedForEncodings = 0;
			knownRegions = (
				en,
				Base,
			);
			mainGroup = B2DF54AA29D3176A00485E61;
			productRefGroup = B2DF54B429D3176B00485E61 /* Products */;
			projectDirPath = "";
			projectRoot = "";
			targets = (
				B2DF54B229D3176B00485E61 /* GitHub Action */,
			);
		};
/* End PBXProject section */

/* Begin PBXResourcesBuildPhase section */
		B2DF54B129D3176B00485E61 /* Resources */ = {
			isa = PBXResourcesBuildPhase;
			buildActionMask = 2147483647;
			files = (
				B2DF54BE29D3176B00485E61 /* Preview Assets.xcassets in Resources */,
				B2DF54CA29D3210100485E61 /* github_icon.json in Resources */,
				B2DF54BB29D3176B00485E61 /* Assets.xcassets in Resources */,
			);
			runOnlyForDeploymentPostprocessing = 0;
		};
/* End PBXResourcesBuildPhase section */

/* Begin PBXShellScriptBuildPhase section */
		05A75008F481BE399EEAC98E /* [CP] Check Pods Manifest.lock */ = {
			isa = PBXShellScriptBuildPhase;
			buildActionMask = 2147483647;
			files = (
			);
			inputFileListPaths = (
			);
			inputPaths = (
				"${PODS_PODFILE_DIR_PATH}/Podfile.lock",
				"${PODS_ROOT}/Manifest.lock",
			);
			name = "[CP] Check Pods Manifest.lock";
			outputFileListPaths = (
			);
			outputPaths = (
				"$(DERIVED_FILE_DIR)/Pods-GitHub Action-checkManifestLockResult.txt",
			);
			runOnlyForDeploymentPostprocessing = 0;
			shellPath = /bin/sh;
			shellScript = "diff \"${PODS_PODFILE_DIR_PATH}/Podfile.lock\" \"${PODS_ROOT}/Manifest.lock\" > /dev/null\nif [ $? != 0 ] ; then\n    # print error to STDERR\n    echo \"error: The sandbox is not in sync with the Podfile.lock. Run 'pod install' or update your CocoaPods installation.\" >&2\n    exit 1\nfi\n# This output is used by Xcode 'outputs' to avoid re-running this script phase.\necho \"SUCCESS\" > \"${SCRIPT_OUTPUT_FILE_0}\"\n";
			showEnvVarsInLog = 0;
		};
		639478882CC7D6060D230725 /* [CP] Embed Pods Frameworks */ = {
			isa = PBXShellScriptBuildPhase;
			buildActionMask = 2147483647;
			files = (
			);
			inputFileListPaths = (
				"${PODS_ROOT}/Target Support Files/Pods-GitHub Action/Pods-GitHub Action-frameworks-${CONFIGURATION}-input-files.xcfilelist",
			);
			name = "[CP] Embed Pods Frameworks";
			outputFileListPaths = (
				"${PODS_ROOT}/Target Support Files/Pods-GitHub Action/Pods-GitHub Action-frameworks-${CONFIGURATION}-output-files.xcfilelist",
			);
			runOnlyForDeploymentPostprocessing = 0;
			shellPath = /bin/sh;
			shellScript = "\"${PODS_ROOT}/Target Support Files/Pods-GitHub Action/Pods-GitHub Action-frameworks.sh\"\n";
			showEnvVarsInLog = 0;
		};
/* End PBXShellScriptBuildPhase section */

/* Begin PBXSourcesBuildPhase section */
		B2DF54AF29D3176B00485E61 /* Sources */ = {
			isa = PBXSourcesBuildPhase;
			buildActionMask = 2147483647;
			files = (
				B2DF54B929D3176B00485E61 /* ContentView.swift in Sources */,
				B2DF54B729D3176B00485E61 /* GitHubAction.swift in Sources */,
				B2DF54C829D31D3A00485E61 /* LottieView.swift in Sources */,
			);
			runOnlyForDeploymentPostprocessing = 0;
		};
/* End PBXSourcesBuildPhase section */

/* Begin XCBuildConfiguration section */
		B2DF54BF29D3176B00485E61 /* Debug */ = {
			isa = XCBuildConfiguration;
			buildSettings = {
				ALWAYS_SEARCH_USER_PATHS = NO;
				CLANG_ANALYZER_NONNULL = YES;
				CLANG_ANALYZER_NUMBER_OBJECT_CONVERSION = YES_AGGRESSIVE;
				CLANG_CXX_LANGUAGE_STANDARD = "gnu++20";
				CLANG_ENABLE_MODULES = YES;
				CLANG_ENABLE_OBJC_ARC = YES;
				CLANG_ENABLE_OBJC_WEAK = YES;
				CLANG_WARN_BLOCK_CAPTURE_AUTORELEASING = YES;
				CLANG_WARN_BOOL_CONVERSION = YES;
				CLANG_WARN_COMMA = YES;
				CLANG_WARN_CONSTANT_CONVERSION = YES;
				CLANG_WARN_DEPRECATED_OBJC_IMPLEMENTATIONS = YES;
				CLANG_WARN_DIRECT_OBJC_ISA_USAGE = YES_ERROR;
				CLANG_WARN_DOCUMENTATION_COMMENTS = YES;
				CLANG_WARN_EMPTY_BODY = YES;
				CLANG_WARN_ENUM_CONVERSION = YES;
				CLANG_WARN_INFINITE_RECURSION = YES;
				CLANG_WARN_INT_CONVERSION = YES;
				CLANG_WARN_NON_LITERAL_NULL_CONVERSION = YES;
				CLANG_WARN_OBJC_IMPLICIT_RETAIN_SELF = YES;
				CLANG_WARN_OBJC_LITERAL_CONVERSION = YES;
				CLANG_WARN_OBJC_ROOT_CLASS = YES_ERROR;
				CLANG_WARN_QUOTED_INCLUDE_IN_FRAMEWORK_HEADER = YES;
				CLANG_WARN_RANGE_LOOP_ANALYSIS = YES;
				CLANG_WARN_STRICT_PROTOTYPES = YES;
				CLANG_WARN_SUSPICIOUS_MOVE = YES;
				CLANG_WARN_UNGUARDED_AVAILABILITY = YES_AGGRESSIVE;
				CLANG_WARN_UNREACHABLE_CODE = YES;
				CLANG_WARN__DUPLICATE_METHOD_MATCH = YES;
				COPY_PHASE_STRIP = NO;
				DEBUG_INFORMATION_FORMAT = dwarf;
				ENABLE_STRICT_OBJC_MSGSEND = YES;
				ENABLE_TESTABILITY = YES;
				GCC_C_LANGUAGE_STANDARD = gnu11;
				GCC_DYNAMIC_NO_PIC = NO;
				GCC_NO_COMMON_BLOCKS = YES;
				GCC_OPTIMIZATION_LEVEL = 0;
				GCC_PREPROCESSOR_DEFINITIONS = (
					"DEBUG=1",
					"$(inherited)",
				);
				GCC_WARN_64_TO_32_BIT_CONVERSION = YES;
				GCC_WARN_ABOUT_RETURN_TYPE = YES_ERROR;
				GCC_WARN_UNDECLARED_SELECTOR = YES;
				GCC_WARN_UNINITIALIZED_AUTOS = YES_AGGRESSIVE;
				GCC_WARN_UNUSED_FUNCTION = YES;
				GCC_WARN_UNUSED_VARIABLE = YES;
				IPHONEOS_DEPLOYMENT_TARGET = 16.2;
				MTL_ENABLE_DEBUG_INFO = INCLUDE_SOURCE;
				MTL_FAST_MATH = YES;
				ONLY_ACTIVE_ARCH = YES;
				SDKROOT = iphoneos;
				SWIFT_ACTIVE_COMPILATION_CONDITIONS = DEBUG;
				SWIFT_OPTIMIZATION_LEVEL = "-Onone";
			};
			name = Debug;
		};
		B2DF54C029D3176B00485E61 /* Release */ = {
			isa = XCBuildConfiguration;
			buildSettings = {
				ALWAYS_SEARCH_USER_PATHS = NO;
				CLANG_ANALYZER_NONNULL = YES;
				CLANG_ANALYZER_NUMBER_OBJECT_CONVERSION = YES_AGGRESSIVE;
				CLANG_CXX_LANGUAGE_STANDARD = "gnu++20";
				CLANG_ENABLE_MODULES = YES;
				CLANG_ENABLE_OBJC_ARC = YES;
				CLANG_ENABLE_OBJC_WEAK = YES;
				CLANG_WARN_BLOCK_CAPTURE_AUTORELEASING = YES;
				CLANG_WARN_BOOL_CONVERSION = YES;
				CLANG_WARN_COMMA = YES;
				CLANG_WARN_CONSTANT_CONVERSION = YES;
				CLANG_WARN_DEPRECATED_OBJC_IMPLEMENTATIONS = YES;
				CLANG_WARN_DIRECT_OBJC_ISA_USAGE = YES_ERROR;
				CLANG_WARN_DOCUMENTATION_COMMENTS = YES;
				CLANG_WARN_EMPTY_BODY = YES;
				CLANG_WARN_ENUM_CONVERSION = YES;
				CLANG_WARN_INFINITE_RECURSION = YES;
				CLANG_WARN_INT_CONVERSION = YES;
				CLANG_WARN_NON_LITERAL_NULL_CONVERSION = YES;
				CLANG_WARN_OBJC_IMPLICIT_RETAIN_SELF = YES;
				CLANG_WARN_OBJC_LITERAL_CONVERSION = YES;
				CLANG_WARN_OBJC_ROOT_CLASS = YES_ERROR;
				CLANG_WARN_QUOTED_INCLUDE_IN_FRAMEWORK_HEADER = YES;
				CLANG_WARN_RANGE_LOOP_ANALYSIS = YES;
				CLANG_WARN_STRICT_PROTOTYPES = YES;
				CLANG_WARN_SUSPICIOUS_MOVE = YES;
				CLANG_WARN_UNGUARDED_AVAILABILITY = YES_AGGRESSIVE;
				CLANG_WARN_UNREACHABLE_CODE = YES;
				CLANG_WARN__DUPLICATE_METHOD_MATCH = YES;
				COPY_PHASE_STRIP = NO;
				DEBUG_INFORMATION_FORMAT = "dwarf-with-dsym";
				ENABLE_NS_ASSERTIONS = NO;
				ENABLE_STRICT_OBJC_MSGSEND = YES;
				GCC_C_LANGUAGE_STANDARD = gnu11;
				GCC_NO_COMMON_BLOCKS = YES;
				GCC_WARN_64_TO_32_BIT_CONVERSION = YES;
				GCC_WARN_ABOUT_RETURN_TYPE = YES_ERROR;
				GCC_WARN_UNDECLARED_SELECTOR = YES;
				GCC_WARN_UNINITIALIZED_AUTOS = YES_AGGRESSIVE;
				GCC_WARN_UNUSED_FUNCTION = YES;
				GCC_WARN_UNUSED_VARIABLE = YES;
				IPHONEOS_DEPLOYMENT_TARGET = 16.2;
				MTL_ENABLE_DEBUG_INFO = NO;
				MTL_FAST_MATH = YES;
				SDKROOT = iphoneos;
				SWIFT_COMPILATION_MODE = wholemodule;
				SWIFT_OPTIMIZATION_LEVEL = "-O";
				VALIDATE_PRODUCT = YES;
			};
			name = Release;
		};
		B2DF54C229D3176B00485E61 /* Debug */ = {
			isa = XCBuildConfiguration;
			baseConfigurationReference = 1F80FCC7911B7FEACEA9811E /* Pods-GitHub Action.debug.xcconfig */;
			buildSettings = {
				ASSETCATALOG_COMPILER_APPICON_NAME = AppIcon;
				ASSETCATALOG_COMPILER_GLOBAL_ACCENT_COLOR_NAME = AccentColor;
				CODE_SIGN_STYLE = Automatic;
				CURRENT_PROJECT_VERSION = 1;
				DEVELOPMENT_ASSET_PATHS = "\"GitHub Action/Preview Content\"";
				ENABLE_PREVIEWS = YES;
				GENERATE_INFOPLIST_FILE = YES;
				INFOPLIST_KEY_UIApplicationSceneManifest_Generation = YES;
				INFOPLIST_KEY_UIApplicationSupportsIndirectInputEvents = YES;
				INFOPLIST_KEY_UILaunchScreen_Generation = YES;
				INFOPLIST_KEY_UISupportedInterfaceOrientations_iPad = "UIInterfaceOrientationPortrait UIInterfaceOrientationPortraitUpsideDown UIInterfaceOrientationLandscapeLeft UIInterfaceOrientationLandscapeRight";
				INFOPLIST_KEY_UISupportedInterfaceOrientations_iPhone = "UIInterfaceOrientationPortrait UIInterfaceOrientationLandscapeLeft UIInterfaceOrientationLandscapeRight";
				LD_RUNPATH_SEARCH_PATHS = (
					"$(inherited)",
					"@executable_path/Frameworks",
				);
				MARKETING_VERSION = 1.0;
				PRODUCT_BUNDLE_IDENTIFIER = "com.ios.GitHub-Action";
				PRODUCT_NAME = "$(TARGET_NAME)";
				SWIFT_EMIT_LOC_STRINGS = YES;
				SWIFT_VERSION = 5.0;
				TARGETED_DEVICE_FAMILY = "1,2";
			};
			name = Debug;
		};
		B2DF54C329D3176B00485E61 /* Release */ = {
			isa = XCBuildConfiguration;
			baseConfigurationReference = 596C746985E025D3E4C81C3E /* Pods-GitHub Action.release.xcconfig */;
			buildSettings = {
				ASSETCATALOG_COMPILER_APPICON_NAME = AppIcon;
				ASSETCATALOG_COMPILER_GLOBAL_ACCENT_COLOR_NAME = AccentColor;
				CODE_SIGN_STYLE = Automatic;
				CURRENT_PROJECT_VERSION = 1;
				DEVELOPMENT_ASSET_PATHS = "\"GitHub Action/Preview Content\"";
				ENABLE_PREVIEWS = YES;
				GENERATE_INFOPLIST_FILE = YES;
				INFOPLIST_KEY_UIApplicationSceneManifest_Generation = YES;
				INFOPLIST_KEY_UIApplicationSupportsIndirectInputEvents = YES;
				INFOPLIST_KEY_UILaunchScreen_Generation = YES;
				INFOPLIST_KEY_UISupportedInterfaceOrientations_iPad = "UIInterfaceOrientationPortrait UIInterfaceOrientationPortraitUpsideDown UIInterfaceOrientationLandscapeLeft UIInterfaceOrientationLandscapeRight";
				INFOPLIST_KEY_UISupportedInterfaceOrientations_iPhone = "UIInterfaceOrientationPortrait UIInterfaceOrientationLandscapeLeft UIInterfaceOrientationLandscapeRight";
				LD_RUNPATH_SEARCH_PATHS = (
					"$(inherited)",
					"@executable_path/Frameworks",
				);
				MARKETING_VERSION = 1.0;
				PRODUCT_BUNDLE_IDENTIFIER = "com.ios.GitHub-Action";
				PRODUCT_NAME = "$(TARGET_NAME)";
				SWIFT_EMIT_LOC_STRINGS = YES;
				SWIFT_VERSION = 5.0;
				TARGETED_DEVICE_FAMILY = "1,2";
			};
			name = Release;
		};
/* End XCBuildConfiguration section */

/* Begin XCConfigurationList section */
		B2DF54AE29D3176B00485E61 /* Build configuration list for PBXProject "GitHub Action" */ = {
			isa = XCConfigurationList;
			buildConfigurations = (
				B2DF54BF29D3176B00485E61 /* Debug */,
				B2DF54C029D3176B00485E61 /* Release */,
			);
			defaultConfigurationIsVisible = 0;
			defaultConfigurationName = Release;
		};
		B2DF54C129D3176B00485E61 /* Build configuration list for PBXNativeTarget "GitHub Action" */ = {
			isa = XCConfigurationList;
			buildConfigurations = (
				B2DF54C229D3176B00485E61 /* Debug */,
				B2DF54C329D3176B00485E61 /* Release */,
			);
			defaultConfigurationIsVisible = 0;
			defaultConfigurationName = Release;
		};
/* End XCConfigurationList section */
	};
	rootObject = B2DF54AB29D3176A00485E61 /* Project object */;
}
